
Microsoft Visual Studio Solution File, Format Version 11.00
# Visual Studio 2010
Project("{FAE04EC0-301F-11D3-BF4B-00C04F79EFBC}") = "Assembly-CSharp", "Assembly-CSharp.csproj", "{0F5C4325-C432-79AA-0F0F-508BE9AF01DA}"
EndProject
Project("{FAE04EC0-301F-11D3-BF4B-00C04F79EFBC}") = "Assembly-CSharp-Editor", "Assembly-CSharp-Editor.csproj", "{0531330A-4C0E-7C1B-7246-30BE83415D34}"
EndProject
Global
	GlobalSection(SolutionConfigurationPlatforms) = preSolution
		Debug|Any CPU = Debug|Any CPU
		Release|Any CPU = Release|Any CPU
	EndGlobalSection
	GlobalSection(ProjectConfigurationPlatforms) = postSolution
		{0F5C4325-C432-79AA-0F0F-508BE9AF01DA}.Debug|Any CPU.ActiveCfg = Debug|Any CPU
		{0F5C4325-C432-79AA-0F0F-508BE9AF01DA}.Debug|Any CPU.Build.0 = Debug|Any CPU
		{0F5C4325-C432-79AA-0F0F-508BE9AF01DA}.Release|Any CPU.ActiveCfg = Release|Any CPU
		{0F5C4325-C432-79AA-0F0F-508BE9AF01DA}.Release|Any CPU.Build.0 = Release|Any CPU
		{0531330A-4C0E-7C1B-7246-30BE83415D34}.Debug|Any CPU.ActiveCfg = Debug|Any CPU
		{0531330A-4C0E-7C1B-7246-30BE83415D34}.Debug|Any CPU.Build.0 = Debug|Any CPU
		{0531330A-4C0E-7C1B-7246-30BE83415D34}.Release|Any CPU.ActiveCfg = Release|Any CPU
		{0531330A-4C0E-7C1B-7246-30BE83415D34}.Release|Any CPU.Build.0 = Release|Any CPU
	EndGlobalSection
	GlobalSection(SolutionProperties) = preSolution
		HideSolutionNode = FALSE
	EndGlobalSection
	GlobalSection(MonoDevelopProperties) = preSolution
		StartupItem = Assembly-CSharp.csproj
	EndGlobalSection
EndGlobal
